
Microsoft Visual Studio Solution File, Format Version 12.00
# Visual Studio 2013
VisualStudioVersion = 12.0.21005.1
MinimumVisualStudioVersion = 10.0.40219.1
Project("{FAE04EC0-301F-11D3-BF4B-00C04F79EFBC}") = "SistemaHorarios", "SistemaHorarios\SistemaHorarios.csproj", "{BC198A55-91B1-4132-A796-5774EB828580}"
EndProject
Project("{FAE04EC0-301F-11D3-BF4B-00C04F79EFBC}") = "DAL", "DAL\DAL.csproj", "{5463CB64-8B47-4292-A1EF-FE196DACBE14}"
EndProject
Project("{FAE04EC0-301F-11D3-BF4B-00C04F79EFBC}") = "SERVICIOS", "SERVICIOS\SERVICIOS.csproj", "{00C3C7BB-AFA8-4FA9-9B96-E9DF705C17AA}"
EndProject
Global
	GlobalSection(TeamFoundationVersionControl) = preSolution
		SccNumberOfProjects = 4
		SccEnterpriseProvider = {4CA58AB2-18FA-4F8D-95D4-32DDF27D184C}
		SccTeamFoundationServer = https://perifacenet.visualstudio.com/defaultcollection
		SccLocalPath0 = .
		SccProjectUniqueName1 = DAL\\DAL.csproj
		SccProjectName1 = DAL
		SccLocalPath1 = DAL
		SccProjectUniqueName2 = SERVICIOS\\SERVICIOS.csproj
		SccProjectName2 = SERVICIOS
		SccLocalPath2 = SERVICIOS
		SccProjectUniqueName3 = SistemaHorarios\\SistemaHorarios.csproj
		SccProjectName3 = SistemaHorarios
		SccLocalPath3 = SistemaHorarios
	EndGlobalSection
	GlobalSection(SolutionConfigurationPlatforms) = preSolution
		Debug|Any CPU = Debug|Any CPU
		Release|Any CPU = Release|Any CPU
	EndGlobalSection
	GlobalSection(ProjectConfigurationPlatforms) = postSolution
		{BC198A55-91B1-4132-A796-5774EB828580}.Debug|Any CPU.ActiveCfg = Debug|Any CPU
		{BC198A55-91B1-4132-A796-5774EB828580}.Debug|Any CPU.Build.0 = Debug|Any CPU
		{BC198A55-91B1-4132-A796-5774EB828580}.Release|Any CPU.ActiveCfg = Release|Any CPU
		{BC198A55-91B1-4132-A796-5774EB828580}.Release|Any CPU.Build.0 = Release|Any CPU
		{5463CB64-8B47-4292-A1EF-FE196DACBE14}.Debug|Any CPU.ActiveCfg = Debug|Any CPU
		{5463CB64-8B47-4292-A1EF-FE196DACBE14}.Debug|Any CPU.Build.0 = Debug|Any CPU
		{5463CB64-8B47-4292-A1EF-FE196DACBE14}.Release|Any CPU.ActiveCfg = Release|Any CPU
		{5463CB64-8B47-4292-A1EF-FE196DACBE14}.Release|Any CPU.Build.0 = Release|Any CPU
		{00C3C7BB-AFA8-4FA9-9B96-E9DF705C17AA}.Debug|Any CPU.ActiveCfg = Debug|Any CPU
		{00C3C7BB-AFA8-4FA9-9B96-E9DF705C17AA}.Debug|Any CPU.Build.0 = Debug|Any CPU
		{00C3C7BB-AFA8-4FA9-9B96-E9DF705C17AA}.Release|Any CPU.ActiveCfg = Release|Any CPU
		{00C3C7BB-AFA8-4FA9-9B96-E9DF705C17AA}.Release|Any CPU.Build.0 = Release|Any CPU
	EndGlobalSection
	GlobalSection(SolutionProperties) = preSolution
		HideSolutionNode = FALSE
	EndGlobalSection
EndGlobal
